
Microsoft Visual Studio Solution File, Format Version 12.00
# Visual Studio 15
VisualStudioVersion = 15.0.27703.2035
MinimumVisualStudioVersion = 10.0.40219.1
Project("{FAE04EC0-301F-11D3-BF4B-00C04F79EFBC}") = "financial_app", "financial_app\financial_app.csproj", "{1796B9AD-F557-4D71-A159-618C350C2785}"
EndProject
Global
	GlobalSection(SolutionConfigurationPlatforms) = preSolution
		Debug|Any CPU = Debug|Any CPU
		Release|Any CPU = Release|Any CPU
	EndGlobalSection
	GlobalSection(ProjectConfigurationPlatforms) = postSolution
		{1796B9AD-F557-4D71-A159-618C350C2785}.Debug|Any CPU.ActiveCfg = Debug|Any CPU
		{1796B9AD-F557-4D71-A159-618C350C2785}.Debug|Any CPU.Build.0 = Debug|Any CPU
		{1796B9AD-F557-4D71-A159-618C350C2785}.Release|Any CPU.ActiveCfg = Release|Any CPU
		{1796B9AD-F557-4D71-A159-618C350C2785}.Release|Any CPU.Build.0 = Release|Any CPU
	EndGlobalSection
	GlobalSection(SolutionProperties) = preSolution
		HideSolutionNode = FALSE
	EndGlobalSection
	GlobalSection(ExtensibilityGlobals) = postSolution
		SolutionGuid = {D042E4C0-AF7E-427B-A53E-E65B9FC6C040}
	EndGlobalSection
EndGlobal
